
Microsoft Visual Studio Solution File, Format Version 12.00
# Visual Studio Version 17
VisualStudioVersion = 17.8.34316.72
MinimumVisualStudioVersion = 10.0.40219.1
Project("{9A19103F-16F7-4668-BE54-9A1E7A4F7556}") = "media-server-api", "media-server-api\media-server-api.csproj", "{ED1A9B9A-88A3-45BC-BEDC-15C8F316178A}"
EndProject
Project("{2150E333-8FDC-42A3-9474-1A3956D46DE8}") = "src", "src", "{9A50F3B4-F34F-4204-AB32-2177DB9D138F}"
EndProject
Project("{2150E333-8FDC-42A3-9474-1A3956D46DE8}") = "0 - Presentation", "0 - Presentation", "{EFF606BE-A5DF-47A8-BD07-FB9268C54E9E}"
EndProject
Project("{2150E333-8FDC-42A3-9474-1A3956D46DE8}") = "1 - Application", "1 - Application", "{DFF8AE02-1266-4AB0-8C26-34C152235957}"
EndProject
Project("{2150E333-8FDC-42A3-9474-1A3956D46DE8}") = "3 - Data", "3 - Data", "{CEC1C030-72CB-43AF-BA13-0B3D2DD65A9A}"
EndProject
Project("{2150E333-8FDC-42A3-9474-1A3956D46DE8}") = "4 - Infrastructure", "4 - Infrastructure", "{E8658271-A6E5-41ED-BD8F-BE3590383D97}"
EndProject
Project("{9A19103F-16F7-4668-BE54-9A1E7A4F7556}") = "Application.DTO", "Application.DTO\Application.DTO.csproj", "{94A73835-F668-4683-A705-220D8A1FA0AE}"
EndProject
Project("{9A19103F-16F7-4668-BE54-9A1E7A4F7556}") = "Repository", "Repository\Repository.csproj", "{53015999-B6F2-41DC-830C-456A67CAAC0A}"
EndProject
Project("{9A19103F-16F7-4668-BE54-9A1E7A4F7556}") = "Infrastructure.Core", "Infrastructure.Core\Infrastructure.Core.csproj", "{97282310-B2AF-4057-B7AF-184680DC6E24}"
EndProject
Project("{9A19103F-16F7-4668-BE54-9A1E7A4F7556}") = "Infrastructure.Services", "Infrastructure.Services\Infrastructure.Services.csproj", "{B71848EE-33EB-401F-8083-72D3ECEEDA81}"
EndProject
Project("{9A19103F-16F7-4668-BE54-9A1E7A4F7556}") = "Repository.Dapper", "Repository.Dapper\Repository.Dapper.csproj", "{91792EF2-B4D2-49A6-AF76-31EC6D1B21D6}"
EndProject
Project("{FAE04EC0-301F-11D3-BF4B-00C04F79EFBC}") = "Application.Services", "Application.Services\Application.Services.csproj", "{647BF32D-7C91-4A1E-806F-9C822C307B12}"
EndProject
Project("{FAE04EC0-301F-11D3-BF4B-00C04F79EFBC}") = "Data.Gateway.MediaService", "Data.Gateway.MediaService\Data.Gateway.MediaService.csproj", "{F1D5A78D-F9FC-4B16-8539-ED3D26D04D20}"
EndProject
Global
	GlobalSection(SolutionConfigurationPlatforms) = preSolution
		Debug|Any CPU = Debug|Any CPU
		Release|Any CPU = Release|Any CPU
	EndGlobalSection
	GlobalSection(ProjectConfigurationPlatforms) = postSolution
		{ED1A9B9A-88A3-45BC-BEDC-15C8F316178A}.Debug|Any CPU.ActiveCfg = Debug|Any CPU
		{ED1A9B9A-88A3-45BC-BEDC-15C8F316178A}.Debug|Any CPU.Build.0 = Debug|Any CPU
		{ED1A9B9A-88A3-45BC-BEDC-15C8F316178A}.Release|Any CPU.ActiveCfg = Release|Any CPU
		{ED1A9B9A-88A3-45BC-BEDC-15C8F316178A}.Release|Any CPU.Build.0 = Release|Any CPU
		{94A73835-F668-4683-A705-220D8A1FA0AE}.Debug|Any CPU.ActiveCfg = Debug|Any CPU
		{94A73835-F668-4683-A705-220D8A1FA0AE}.Debug|Any CPU.Build.0 = Debug|Any CPU
		{94A73835-F668-4683-A705-220D8A1FA0AE}.Release|Any CPU.ActiveCfg = Release|Any CPU
		{94A73835-F668-4683-A705-220D8A1FA0AE}.Release|Any CPU.Build.0 = Release|Any CPU
		{53015999-B6F2-41DC-830C-456A67CAAC0A}.Debug|Any CPU.ActiveCfg = Debug|Any CPU
		{53015999-B6F2-41DC-830C-456A67CAAC0A}.Debug|Any CPU.Build.0 = Debug|Any CPU
		{53015999-B6F2-41DC-830C-456A67CAAC0A}.Release|Any CPU.ActiveCfg = Release|Any CPU
		{53015999-B6F2-41DC-830C-456A67CAAC0A}.Release|Any CPU.Build.0 = Release|Any CPU
		{97282310-B2AF-4057-B7AF-184680DC6E24}.Debug|Any CPU.ActiveCfg = Debug|Any CPU
		{97282310-B2AF-4057-B7AF-184680DC6E24}.Debug|Any CPU.Build.0 = Debug|Any CPU
		{97282310-B2AF-4057-B7AF-184680DC6E24}.Release|Any CPU.ActiveCfg = Release|Any CPU
		{97282310-B2AF-4057-B7AF-184680DC6E24}.Release|Any CPU.Build.0 = Release|Any CPU
		{B71848EE-33EB-401F-8083-72D3ECEEDA81}.Debug|Any CPU.ActiveCfg = Debug|Any CPU
		{B71848EE-33EB-401F-8083-72D3ECEEDA81}.Debug|Any CPU.Build.0 = Debug|Any CPU
		{B71848EE-33EB-401F-8083-72D3ECEEDA81}.Release|Any CPU.ActiveCfg = Release|Any CPU
		{B71848EE-33EB-401F-8083-72D3ECEEDA81}.Release|Any CPU.Build.0 = Release|Any CPU
		{91792EF2-B4D2-49A6-AF76-31EC6D1B21D6}.Debug|Any CPU.ActiveCfg = Debug|Any CPU
		{91792EF2-B4D2-49A6-AF76-31EC6D1B21D6}.Debug|Any CPU.Build.0 = Debug|Any CPU
		{91792EF2-B4D2-49A6-AF76-31EC6D1B21D6}.Release|Any CPU.ActiveCfg = Release|Any CPU
		{91792EF2-B4D2-49A6-AF76-31EC6D1B21D6}.Release|Any CPU.Build.0 = Release|Any CPU
		{647BF32D-7C91-4A1E-806F-9C822C307B12}.Debug|Any CPU.ActiveCfg = Debug|Any CPU
		{647BF32D-7C91-4A1E-806F-9C822C307B12}.Debug|Any CPU.Build.0 = Debug|Any CPU
		{647BF32D-7C91-4A1E-806F-9C822C307B12}.Release|Any CPU.ActiveCfg = Release|Any CPU
		{647BF32D-7C91-4A1E-806F-9C822C307B12}.Release|Any CPU.Build.0 = Release|Any CPU
		{F1D5A78D-F9FC-4B16-8539-ED3D26D04D20}.Debug|Any CPU.ActiveCfg = Debug|Any CPU
		{F1D5A78D-F9FC-4B16-8539-ED3D26D04D20}.Debug|Any CPU.Build.0 = Debug|Any CPU
		{F1D5A78D-F9FC-4B16-8539-ED3D26D04D20}.Release|Any CPU.ActiveCfg = Release|Any CPU
		{F1D5A78D-F9FC-4B16-8539-ED3D26D04D20}.Release|Any CPU.Build.0 = Release|Any CPU
	EndGlobalSection
	GlobalSection(SolutionProperties) = preSolution
		HideSolutionNode = FALSE
	EndGlobalSection
	GlobalSection(NestedProjects) = preSolution
		{ED1A9B9A-88A3-45BC-BEDC-15C8F316178A} = {EFF606BE-A5DF-47A8-BD07-FB9268C54E9E}
		{EFF606BE-A5DF-47A8-BD07-FB9268C54E9E} = {9A50F3B4-F34F-4204-AB32-2177DB9D138F}
		{DFF8AE02-1266-4AB0-8C26-34C152235957} = {9A50F3B4-F34F-4204-AB32-2177DB9D138F}
		{CEC1C030-72CB-43AF-BA13-0B3D2DD65A9A} = {9A50F3B4-F34F-4204-AB32-2177DB9D138F}
		{E8658271-A6E5-41ED-BD8F-BE3590383D97} = {9A50F3B4-F34F-4204-AB32-2177DB9D138F}
		{94A73835-F668-4683-A705-220D8A1FA0AE} = {DFF8AE02-1266-4AB0-8C26-34C152235957}
		{53015999-B6F2-41DC-830C-456A67CAAC0A} = {CEC1C030-72CB-43AF-BA13-0B3D2DD65A9A}
		{97282310-B2AF-4057-B7AF-184680DC6E24} = {E8658271-A6E5-41ED-BD8F-BE3590383D97}
		{B71848EE-33EB-401F-8083-72D3ECEEDA81} = {E8658271-A6E5-41ED-BD8F-BE3590383D97}
		{91792EF2-B4D2-49A6-AF76-31EC6D1B21D6} = {CEC1C030-72CB-43AF-BA13-0B3D2DD65A9A}
		{647BF32D-7C91-4A1E-806F-9C822C307B12} = {DFF8AE02-1266-4AB0-8C26-34C152235957}
		{F1D5A78D-F9FC-4B16-8539-ED3D26D04D20} = {CEC1C030-72CB-43AF-BA13-0B3D2DD65A9A}
	EndGlobalSection
	GlobalSection(ExtensibilityGlobals) = postSolution
		SolutionGuid = {D25A5C5B-C2F2-4A00-BDC9-922E6BD9D299}
	EndGlobalSection
EndGlobal
